// !$*UTF8*$!
{
	archiveVersion = 1;
	classes = {
	};
	objectVersion = 46;
	objects = {

/* Begin PBXBuildFile section */
		BD039C0419D0E8F8005A7F37 /* libMBProgressHUD.a in Frameworks */ = {isa = PBXBuildFile; fileRef = BD039BFF19D0E8BB005A7F37 /* libMBProgressHUD.a */; };
		BD039C0519D0E8F8005A7F37 /* libSDWebImage.a in Frameworks */ = {isa = PBXBuildFile; fileRef = BDE9F27619ABE6DE00AA8DFB /* libSDWebImage.a */; };
		BD3E51B91B4C4ED000F3ECBF /* PWBeaconChartTableViewCell.m in Sources */ = {isa = PBXBuildFile; fileRef = BD3E51B81B4C4ED000F3ECBF /* PWBeaconChartTableViewCell.m */; };
		BD49959019F7178E000945BC /* libSDWebImage.a in Frameworks */ = {isa = PBXBuildFile; fileRef = BDE9F27619ABE6DE00AA8DFB /* libSDWebImage.a */; };
		BD49959219F717C6000945BC /* ImageIO.framework in Frameworks */ = {isa = PBXBuildFile; fileRef = BDE9F28519ABF02700AA8DFB /* ImageIO.framework */; };
		BDA2F8C719D1FD9C00DA4FFD /* liburibeacon.a in Frameworks */ = {isa = PBXBuildFile; fileRef = BDA2F8C019D1FD8600DA4FFD /* liburibeacon.a */; };
		BDA3FA8919EF2DD700CFAA74 /* NotificationCenter.framework in Frameworks */ = {isa = PBXBuildFile; fileRef = BDA3FA8819EF2DD700CFAA74 /* NotificationCenter.framework */; };
		BDA3FA8F19EF2DD700CFAA74 /* TodayViewController.m in Sources */ = {isa = PBXBuildFile; fileRef = BDA3FA8E19EF2DD700CFAA74 /* TodayViewController.m */; };
		BDA3FA9419EF2DD700CFAA74 /* today.appex in Embed App Extensions */ = {isa = PBXBuildFile; fileRef = BDA3FA8619EF2DD700CFAA74 /* today.appex */; settings = {ATTRIBUTES = (RemoveHeadersOnCopy, ); }; };
		BDA3FAA219EF327400CFAA74 /* liburibeacon.a in Frameworks */ = {isa = PBXBuildFile; fileRef = BDA2F8C019D1FD8600DA4FFD /* liburibeacon.a */; };
		BDA3FAA319EF329400CFAA74 /* PWBeaconManager.m in Sources */ = {isa = PBXBuildFile; fileRef = BDE9F1D919A7EAFC00AA8DFB /* PWBeaconManager.m */; };
		BDA3FAA419EF329700CFAA74 /* PWMetadataRequest.m in Sources */ = {isa = PBXBuildFile; fileRef = BDE9F1B119A7E46D00AA8DFB /* PWMetadataRequest.m */; };
		BDA3FAA519EF329900CFAA74 /* PWBeacon.m in Sources */ = {isa = PBXBuildFile; fileRef = BDE9F1DF19A7EF3F00AA8DFB /* PWBeacon.m */; };
		BDA3FAA619EF329C00CFAA74 /* PWURLShortener.m in Sources */ = {isa = PBXBuildFile; fileRef = BDE9F1E219A7FB4000AA8DFB /* PWURLShortener.m */; };
		BDA3FAA719EF338F00CFAA74 /* PWBeaconCell.m in Sources */ = {isa = PBXBuildFile; fileRef = BDE9F1B819A7E46D00AA8DFB /* PWBeaconCell.m */; };
		BDA3FAA819EF38A600CFAA74 /* PWSignalStrengthView.m in Sources */ = {isa = PBXBuildFile; fileRef = BDE9F1C219A7E46D00AA8DFB /* PWSignalStrengthView.m */; };
		BDBFD6731A2D125700A0B5E0 /* UIScrollView+SVInfiniteScrolling.m in Sources */ = {isa = PBXBuildFile; fileRef = BDBFD6701A2D125700A0B5E0 /* UIScrollView+SVInfiniteScrolling.m */; };
		BDBFD6741A2D125700A0B5E0 /* UIScrollView+SVPullToRefresh.m in Sources */ = {isa = PBXBuildFile; fileRef = BDBFD6721A2D125700A0B5E0 /* UIScrollView+SVPullToRefresh.m */; };
		BDC5A9AC1B3B3A90008D9A0B /* PWChartViewController.m in Sources */ = {isa = PBXBuildFile; fileRef = BDC5A9AB1B3B3A90008D9A0B /* PWChartViewController.m */; };
		BDDC71081B4B20C20000581C /* JBChartView.m in Sources */ = {isa = PBXBuildFile; fileRef = BDDC71051B4B20C20000581C /* JBChartView.m */; };
		BDDC71091B4B20C20000581C /* JBLineChartView.m in Sources */ = {isa = PBXBuildFile; fileRef = BDDC71071B4B20C20000581C /* JBLineChartView.m */; };
		BDE4D8A619DE0242007938F0 /* LaunchScreen.xib in Resources */ = {isa = PBXBuildFile; fileRef = BDE4D8A519DE0242007938F0 /* LaunchScreen.xib */; };
		BDE4D8A819DE03F1007938F0 /* LaunchIcon.png in Resources */ = {isa = PBXBuildFile; fileRef = BDE4D8A719DE03F1007938F0 /* LaunchIcon.png */; };
		BDE4D8B419DE154B007938F0 /* PWPlaceholderView.m in Sources */ = {isa = PBXBuildFile; fileRef = BDE4D8B319DE154B007938F0 /* PWPlaceholderView.m */; };
		BDE4D8B819DF65A4007938F0 /* Progress1.png in Resources */ = {isa = PBXBuildFile; fileRef = BDE4D8B519DF65A4007938F0 /* Progress1.png */; };
		BDE4D8B919DF65A4007938F0 /* Progress2.png in Resources */ = {isa = PBXBuildFile; fileRef = BDE4D8B619DF65A4007938F0 /* Progress2.png */; };
		BDE4D8BA19DF65A4007938F0 /* Progress3.png in Resources */ = {isa = PBXBuildFile; fileRef = BDE4D8B719DF65A4007938F0 /* Progress3.png */; };
		BDE4D8BD19DF65BE007938F0 /* PWActivityIndicator.m in Sources */ = {isa = PBXBuildFile; fileRef = BDE4D8BC19DF65BE007938F0 /* PWActivityIndicator.m */; };
		BDE4D8C819E355B4007938F0 /* ScanError.png in Resources */ = {isa = PBXBuildFile; fileRef = BDE4D8C719E355B4007938F0 /* ScanError.png */; };
		BDE9F18E19A7CDF100AA8DFB /* main.m in Sources */ = {isa = PBXBuildFile; fileRef = BDE9F18D19A7CDF100AA8DFB /* main.m */; };
		BDE9F19119A7CDF100AA8DFB /* AppDelegate.m in Sources */ = {isa = PBXBuildFile; fileRef = BDE9F19019A7CDF100AA8DFB /* AppDelegate.m */; };
		BDE9F19919A7CDF100AA8DFB /* Images.xcassets in Resources */ = {isa = PBXBuildFile; fileRef = BDE9F19819A7CDF100AA8DFB /* Images.xcassets */; };
		BDE9F1C319A7E46D00AA8DFB /* PWMetadataRequest.m in Sources */ = {isa = PBXBuildFile; fileRef = BDE9F1B119A7E46D00AA8DFB /* PWMetadataRequest.m */; };
		BDE9F1C719A7E46D00AA8DFB /* PWBeaconCell.m in Sources */ = {isa = PBXBuildFile; fileRef = BDE9F1B819A7E46D00AA8DFB /* PWBeaconCell.m */; };
		BDE9F1C819A7E46D00AA8DFB /* PWBeaconsViewController.m in Sources */ = {isa = PBXBuildFile; fileRef = BDE9F1BA19A7E46D00AA8DFB /* PWBeaconsViewController.m */; };
		BDE9F1C919A7E46D00AA8DFB /* PWGradientView.m in Sources */ = {isa = PBXBuildFile; fileRef = BDE9F1BC19A7E46D00AA8DFB /* PWGradientView.m */; };
		BDE9F1CC19A7E46D00AA8DFB /* PWSignalStrengthView.m in Sources */ = {isa = PBXBuildFile; fileRef = BDE9F1C219A7E46D00AA8DFB /* PWSignalStrengthView.m */; };
		BDE9F1DA19A7EAFC00AA8DFB /* PWBeaconManager.m in Sources */ = {isa = PBXBuildFile; fileRef = BDE9F1D919A7EAFC00AA8DFB /* PWBeaconManager.m */; };
		BDE9F1E019A7EF3F00AA8DFB /* PWBeacon.m in Sources */ = {isa = PBXBuildFile; fileRef = BDE9F1DF19A7EF3F00AA8DFB /* PWBeacon.m */; };
		BDE9F1E319A7FB4000AA8DFB /* PWURLShortener.m in Sources */ = {isa = PBXBuildFile; fileRef = BDE9F1E219A7FB4000AA8DFB /* PWURLShortener.m */; };
		BDE9F28019ABEF4D00AA8DFB /* CoreBluetooth.framework in Frameworks */ = {isa = PBXBuildFile; fileRef = BDE9F27F19ABEF4D00AA8DFB /* CoreBluetooth.framework */; };
		BDE9F28619ABF02700AA8DFB /* ImageIO.framework in Frameworks */ = {isa = PBXBuildFile; fileRef = BDE9F28519ABF02700AA8DFB /* ImageIO.framework */; };
		BDE9F29A19AD1D5000AA8DFB /* gear.png in Resources */ = {isa = PBXBuildFile; fileRef = BDE9F29819AD1D5000AA8DFB /* gear.png */; };
		BDE9F29B19AD1D5000AA8DFB /* gear@2x.png in Resources */ = {isa = PBXBuildFile; fileRef = BDE9F29919AD1D5000AA8DFB /* gear@2x.png */; };
		BDE9F2A019AD551500AA8DFB /* PWConfigureViewController.m in Sources */ = {isa = PBXBuildFile; fileRef = BDE9F29D19AD551500AA8DFB /* PWConfigureViewController.m */; };
		BDE9F2A119AD551500AA8DFB /* PWSettingsViewController.m in Sources */ = {isa = PBXBuildFile; fileRef = BDE9F29F19AD551500AA8DFB /* PWSettingsViewController.m */; };
		BDE9F2AE19AEA58200AA8DFB /* 37x-Checkmark.png in Resources */ = {isa = PBXBuildFile; fileRef = BDE9F2AC19AEA58200AA8DFB /* 37x-Checkmark.png */; };
		BDE9F2AF19AEA58200AA8DFB /* 37x-Checkmark@2x.png in Resources */ = {isa = PBXBuildFile; fileRef = BDE9F2AD19AEA58200AA8DFB /* 37x-Checkmark@2x.png */; };
		BDFC4DD019E60C1A00DC381C /* licenses.html in Resources */ = {isa = PBXBuildFile; fileRef = BDFC4DCF19E60C1A00DC381C /* licenses.html */; };
		BDFC4DD819E60C5200DC381C /* PWSimpleWebViewController.m in Sources */ = {isa = PBXBuildFile; fileRef = BDFC4DD719E60C5200DC381C /* PWSimpleWebViewController.m */; };
/* End PBXBuildFile section */

/* Begin PBXContainerItemProxy section */
		BD039BFE19D0E8BB005A7F37 /* PBXContainerItemProxy */ = {
			isa = PBXContainerItemProxy;
			containerPortal = BD039BFA19D0E8BB005A7F37 /* MBProgressHUD.xcodeproj */;
			proxyType = 2;
			remoteGlobalIDString = D286A7491518C70F00E13FB8;
			remoteInfo = MBProgressHUD;
		};
		BD039C0219D0E8DE005A7F37 /* PBXContainerItemProxy */ = {
			isa = PBXContainerItemProxy;
			containerPortal = BD039BFA19D0E8BB005A7F37 /* MBProgressHUD.xcodeproj */;
			proxyType = 1;
			remoteGlobalIDString = D286A7481518C70F00E13FB8;
			remoteInfo = MBProgressHUD;
		};
		BDA2F8BF19D1FD8600DA4FFD /* PBXContainerItemProxy */ = {
			isa = PBXContainerItemProxy;
			containerPortal = BDA2F8B819D1FD8600DA4FFD /* uribeacon.xcodeproj */;
			proxyType = 2;
			remoteGlobalIDString = BD779295199C0AEF00278B6A;
			remoteInfo = uribeacon;
		};
		BDA2F8C119D1FD8600DA4FFD /* PBXContainerItemProxy */ = {
			isa = PBXContainerItemProxy;
			containerPortal = BDA2F8B819D1FD8600DA4FFD /* uribeacon.xcodeproj */;
			proxyType = 2;
			remoteGlobalIDString = BD7792C6199F22F900278B6A;
			remoteInfo = "uribeacon-sample";
		};
		BDA2F8C319D1FD8600DA4FFD /* PBXContainerItemProxy */ = {
			isa = PBXContainerItemProxy;
			containerPortal = BDA2F8B819D1FD8600DA4FFD /* uribeacon.xcodeproj */;
			proxyType = 2;
			remoteGlobalIDString = BD039BCD19CA488C005A7F37;
			remoteInfo = "uribeacon-tests";
		};
		BDA2F8C519D1FD9800DA4FFD /* PBXContainerItemProxy */ = {
			isa = PBXContainerItemProxy;
			containerPortal = BDA2F8B819D1FD8600DA4FFD /* uribeacon.xcodeproj */;
			proxyType = 1;
			remoteGlobalIDString = BD779294199C0AEF00278B6A;
			remoteInfo = uribeacon;
		};
		BDA3FA9219EF2DD700CFAA74 /* PBXContainerItemProxy */ = {
			isa = PBXContainerItemProxy;
			containerPortal = BDE9F18019A7CDF100AA8DFB /* Project object */;
			proxyType = 1;
			remoteGlobalIDString = BDA3FA8519EF2DD700CFAA74;
			remoteInfo = today;
		};
		BDA3FA9519EF2DD700CFAA74 /* PBXContainerItemProxy */ = {
			isa = PBXContainerItemProxy;
			containerPortal = BDE9F18019A7CDF100AA8DFB /* Project object */;
			proxyType = 1;
			remoteGlobalIDString = BDA3FA8519EF2DD700CFAA74;
			remoteInfo = today;
		};
		BDA3FAA019EF326E00CFAA74 /* PBXContainerItemProxy */ = {
			isa = PBXContainerItemProxy;
			containerPortal = BDA2F8B819D1FD8600DA4FFD /* uribeacon.xcodeproj */;
			proxyType = 1;
			remoteGlobalIDString = BD779294199C0AEF00278B6A;
			remoteInfo = uribeacon;
		};
		BDE9F27519ABE6DE00AA8DFB /* PBXContainerItemProxy */ = {
			isa = PBXContainerItemProxy;
			containerPortal = BDE9F26E19ABE6DD00AA8DFB /* SDWebImage.xcodeproj */;
			proxyType = 2;
			remoteGlobalIDString = 53761325155AD0D5005750A4;
			remoteInfo = SDWebImage;
		};
		BDE9F27719ABE6DE00AA8DFB /* PBXContainerItemProxy */ = {
			isa = PBXContainerItemProxy;
			containerPortal = BDE9F26E19ABE6DD00AA8DFB /* SDWebImage.xcodeproj */;
			proxyType = 2;
			remoteGlobalIDString = 537D95C117ECC1FE0097C263;
			remoteInfo = "SDWebImage+WebP";
		};
		BDE9F27919ABE6DE00AA8DFB /* PBXContainerItemProxy */ = {
			isa = PBXContainerItemProxy;
			containerPortal = BDE9F26E19ABE6DD00AA8DFB /* SDWebImage.xcodeproj */;
			proxyType = 2;
			remoteGlobalIDString = 531041E0157EAFA400BBABC3;
			remoteInfo = "SDWebImage+MKAnnotation";
		};
		BDE9F27B19ABE6EC00AA8DFB /* PBXContainerItemProxy */ = {
			isa = PBXContainerItemProxy;
			containerPortal = BDE9F26E19ABE6DD00AA8DFB /* SDWebImage.xcodeproj */;
			proxyType = 1;
			remoteGlobalIDString = 53761307155AD0D5005750A4;
			remoteInfo = SDWebImage;
		};
/* End PBXContainerItemProxy section */

/* Begin PBXCopyFilesBuildPhase section */
		BDA3FA9F19EF2DD700CFAA74 /* Embed App Extensions */ = {
			isa = PBXCopyFilesBuildPhase;
			buildActionMask = 2147483647;
			dstPath = "";
			dstSubfolderSpec = 13;
			files = (
				BDA3FA9419EF2DD700CFAA74 /* today.appex in Embed App Extensions */,
			);
			name = "Embed App Extensions";
			runOnlyForDeploymentPostprocessing = 0;
		};
/* End PBXCopyFilesBuildPhase section */

/* Begin PBXFileReference section */
		BD039BFA19D0E8BB005A7F37 /* MBProgressHUD.xcodeproj */ = {isa = PBXFileReference; lastKnownFileType = "wrapper.pb-project"; name = MBProgressHUD.xcodeproj; path = "third-party/MBProgressHUD/MBProgressHUD.xcodeproj"; sourceTree = "<group>"; };
		BD3E51B71B4C4ED000F3ECBF /* PWBeaconChartTableViewCell.h */ = {isa = PBXFileReference; fileEncoding = 4; lastKnownFileType = sourcecode.c.h; path = PWBeaconChartTableViewCell.h; sourceTree = "<group>"; };
		BD3E51B81B4C4ED000F3ECBF /* PWBeaconChartTableViewCell.m */ = {isa = PBXFileReference; fileEncoding = 4; lastKnownFileType = sourcecode.c.objc; path = PWBeaconChartTableViewCell.m; sourceTree = "<group>"; };
		BDA2F8B819D1FD8600DA4FFD /* uribeacon.xcodeproj */ = {isa = PBXFileReference; lastKnownFileType = "wrapper.pb-project"; name = uribeacon.xcodeproj; path = "third-party/uribeacon/ios-uribeacon/uribeacon.xcodeproj"; sourceTree = "<group>"; };
		BDA3FA8619EF2DD700CFAA74 /* today.appex */ = {isa = PBXFileReference; explicitFileType = "wrapper.app-extension"; includeInIndex = 0; path = today.appex; sourceTree = BUILT_PRODUCTS_DIR; };
		BDA3FA8819EF2DD700CFAA74 /* NotificationCenter.framework */ = {isa = PBXFileReference; lastKnownFileType = wrapper.framework; name = NotificationCenter.framework; path = System/Library/Frameworks/NotificationCenter.framework; sourceTree = SDKROOT; };
		BDA3FA8C19EF2DD700CFAA74 /* Info.plist */ = {isa = PBXFileReference; lastKnownFileType = text.plist.xml; path = Info.plist; sourceTree = "<group>"; };
		BDA3FA8D19EF2DD700CFAA74 /* TodayViewController.h */ = {isa = PBXFileReference; lastKnownFileType = sourcecode.c.h; path = TodayViewController.h; sourceTree = "<group>"; };
		BDA3FA8E19EF2DD700CFAA74 /* TodayViewController.m */ = {isa = PBXFileReference; lastKnownFileType = sourcecode.c.objc; path = TodayViewController.m; sourceTree = "<group>"; };
		BDBFD66E1A2D125700A0B5E0 /* SVPullToRefresh.h */ = {isa = PBXFileReference; fileEncoding = 4; lastKnownFileType = sourcecode.c.h; path = SVPullToRefresh.h; sourceTree = "<group>"; };
		BDBFD66F1A2D125700A0B5E0 /* UIScrollView+SVInfiniteScrolling.h */ = {isa = PBXFileReference; fileEncoding = 4; lastKnownFileType = sourcecode.c.h; path = "UIScrollView+SVInfiniteScrolling.h"; sourceTree = "<group>"; };
		BDBFD6701A2D125700A0B5E0 /* UIScrollView+SVInfiniteScrolling.m */ = {isa = PBXFileReference; fileEncoding = 4; lastKnownFileType = sourcecode.c.objc; path = "UIScrollView+SVInfiniteScrolling.m"; sourceTree = "<group>"; };
		BDBFD6711A2D125700A0B5E0 /* UIScrollView+SVPullToRefresh.h */ = {isa = PBXFileReference; fileEncoding = 4; lastKnownFileType = sourcecode.c.h; path = "UIScrollView+SVPullToRefresh.h"; sourceTree = "<group>"; };
		BDBFD6721A2D125700A0B5E0 /* UIScrollView+SVPullToRefresh.m */ = {isa = PBXFileReference; fileEncoding = 4; lastKnownFileType = sourcecode.c.objc; path = "UIScrollView+SVPullToRefresh.m"; sourceTree = "<group>"; };
		BDC5A9AA1B3B3A90008D9A0B /* PWChartViewController.h */ = {isa = PBXFileReference; fileEncoding = 4; lastKnownFileType = sourcecode.c.h; path = PWChartViewController.h; sourceTree = "<group>"; };
		BDC5A9AB1B3B3A90008D9A0B /* PWChartViewController.m */ = {isa = PBXFileReference; fileEncoding = 4; lastKnownFileType = sourcecode.c.objc; path = PWChartViewController.m; sourceTree = "<group>"; };
		BDDC71041B4B20C20000581C /* JBChartView.h */ = {isa = PBXFileReference; fileEncoding = 4; lastKnownFileType = sourcecode.c.h; name = JBChartView.h; path = "third-party/JBChartView/JBChartView.h"; sourceTree = "<group>"; };
		BDDC71051B4B20C20000581C /* JBChartView.m */ = {isa = PBXFileReference; fileEncoding = 4; lastKnownFileType = sourcecode.c.objc; name = JBChartView.m; path = "third-party/JBChartView/JBChartView.m"; sourceTree = "<group>"; };
		BDDC71061B4B20C20000581C /* JBLineChartView.h */ = {isa = PBXFileReference; fileEncoding = 4; lastKnownFileType = sourcecode.c.h; name = JBLineChartView.h; path = "third-party/JBChartView/JBLineChartView.h"; sourceTree = "<group>"; };
		BDDC71071B4B20C20000581C /* JBLineChartView.m */ = {isa = PBXFileReference; fileEncoding = 4; lastKnownFileType = sourcecode.c.objc; name = JBLineChartView.m; path = "third-party/JBChartView/JBLineChartView.m"; sourceTree = "<group>"; };
		BDDFE6ED1A0069B700A76255 /* PhyWeb.entitlements */ = {isa = PBXFileReference; lastKnownFileType = text.xml; path = PhyWeb.entitlements; sourceTree = "<group>"; };
		BDDFE6EE1A0069F000A76255 /* today.entitlements */ = {isa = PBXFileReference; lastKnownFileType = text.xml; path = today.entitlements; sourceTree = "<group>"; };
		BDE4D88519DDF678007938F0 /* icon-29.png */ = {isa = PBXFileReference; lastKnownFileType = image.png; path = "icon-29.png"; sourceTree = "<group>"; };
		BDE4D88619DDF678007938F0 /* icon-40.png */ = {isa = PBXFileReference; lastKnownFileType = image.png; path = "icon-40.png"; sourceTree = "<group>"; };
		BDE4D88719DDF678007938F0 /* icon-50.png */ = {isa = PBXFileReference; lastKnownFileType = image.png; path = "icon-50.png"; sourceTree = "<group>"; };
		BDE4D88819DDF678007938F0 /* icon-57.png */ = {isa = PBXFileReference; lastKnownFileType = image.png; path = "icon-57.png"; sourceTree = "<group>"; };
		BDE4D88919DDF678007938F0 /* icon-58.png */ = {isa = PBXFileReference; lastKnownFileType = image.png; path = "icon-58.png"; sourceTree = "<group>"; };
		BDE4D88A19DDF678007938F0 /* icon-72.png */ = {isa = PBXFileReference; lastKnownFileType = image.png; path = "icon-72.png"; sourceTree = "<group>"; };
		BDE4D88B19DDF678007938F0 /* icon-76.png */ = {isa = PBXFileReference; lastKnownFileType = image.png; path = "icon-76.png"; sourceTree = "<group>"; };
		BDE4D88C19DDF678007938F0 /* icon-80.png */ = {isa = PBXFileReference; lastKnownFileType = image.png; path = "icon-80.png"; sourceTree = "<group>"; };
		BDE4D88D19DDF678007938F0 /* icon-87.png */ = {isa = PBXFileReference; lastKnownFileType = image.png; path = "icon-87.png"; sourceTree = "<group>"; };
		BDE4D88E19DDF678007938F0 /* icon-100.png */ = {isa = PBXFileReference; lastKnownFileType = image.png; path = "icon-100.png"; sourceTree = "<group>"; };
		BDE4D88F19DDF678007938F0 /* icon-114.png */ = {isa = PBXFileReference; lastKnownFileType = image.png; path = "icon-114.png"; sourceTree = "<group>"; };
		BDE4D89019DDF678007938F0 /* icon-120.png */ = {isa = PBXFileReference; lastKnownFileType = image.png; path = "icon-120.png"; sourceTree = "<group>"; };
		BDE4D89119DDF678007938F0 /* icon-144.png */ = {isa = PBXFileReference; lastKnownFileType = image.png; path = "icon-144.png"; sourceTree = "<group>"; };
		BDE4D89219DDF678007938F0 /* icon-152.png */ = {isa = PBXFileReference; lastKnownFileType = image.png; path = "icon-152.png"; sourceTree = "<group>"; };
		BDE4D89319DDF678007938F0 /* icon-180.png */ = {isa = PBXFileReference; lastKnownFileType = image.png; path = "icon-180.png"; sourceTree = "<group>"; };
		BDE4D89419DDF678007938F0 /* icon-512.png */ = {isa = PBXFileReference; lastKnownFileType = image.png; path = "icon-512.png"; sourceTree = "<group>"; };
		BDE4D8A519DE0242007938F0 /* LaunchScreen.xib */ = {isa = PBXFileReference; fileEncoding = 4; lastKnownFileType = file.xib; path = LaunchScreen.xib; sourceTree = "<group>"; };
		BDE4D8A719DE03F1007938F0 /* LaunchIcon.png */ = {isa = PBXFileReference; lastKnownFileType = image.png; path = LaunchIcon.png; sourceTree = "<group>"; };
		BDE4D8B219DE154B007938F0 /* PWPlaceholderView.h */ = {isa = PBXFileReference; fileEncoding = 4; lastKnownFileType = sourcecode.c.h; path = PWPlaceholderView.h; sourceTree = "<group>"; };
		BDE4D8B319DE154B007938F0 /* PWPlaceholderView.m */ = {isa = PBXFileReference; fileEncoding = 4; lastKnownFileType = sourcecode.c.objc; path = PWPlaceholderView.m; sourceTree = "<group>"; };
		BDE4D8B519DF65A4007938F0 /* Progress1.png */ = {isa = PBXFileReference; lastKnownFileType = image.png; path = Progress1.png; sourceTree = "<group>"; };
		BDE4D8B619DF65A4007938F0 /* Progress2.png */ = {isa = PBXFileReference; lastKnownFileType = image.png; path = Progress2.png; sourceTree = "<group>"; };
		BDE4D8B719DF65A4007938F0 /* Progress3.png */ = {isa = PBXFileReference; lastKnownFileType = image.png; path = Progress3.png; sourceTree = "<group>"; };
		BDE4D8BB19DF65BE007938F0 /* PWActivityIndicator.h */ = {isa = PBXFileReference; fileEncoding = 4; lastKnownFileType = sourcecode.c.h; path = PWActivityIndicator.h; sourceTree = "<group>"; };
		BDE4D8BC19DF65BE007938F0 /* PWActivityIndicator.m */ = {isa = PBXFileReference; fileEncoding = 4; lastKnownFileType = sourcecode.c.objc; path = PWActivityIndicator.m; sourceTree = "<group>"; };
		BDE4D8C719E355B4007938F0 /* ScanError.png */ = {isa = PBXFileReference; lastKnownFileType = image.png; path = ScanError.png; sourceTree = "<group>"; };
		BDE9F18819A7CDF100AA8DFB /* PhyWeb.app */ = {isa = PBXFileReference; explicitFileType = wrapper.application; includeInIndex = 0; path = PhyWeb.app; sourceTree = BUILT_PRODUCTS_DIR; };
		BDE9F18C19A7CDF100AA8DFB /* Info.plist */ = {isa = PBXFileReference; lastKnownFileType = text.plist.xml; path = Info.plist; sourceTree = "<group>"; };
		BDE9F18D19A7CDF100AA8DFB /* main.m */ = {isa = PBXFileReference; lastKnownFileType = sourcecode.c.objc; path = main.m; sourceTree = "<group>"; };
		BDE9F18F19A7CDF100AA8DFB /* AppDelegate.h */ = {isa = PBXFileReference; lastKnownFileType = sourcecode.c.h; path = AppDelegate.h; sourceTree = "<group>"; };
		BDE9F19019A7CDF100AA8DFB /* AppDelegate.m */ = {isa = PBXFileReference; lastKnownFileType = sourcecode.c.objc; path = AppDelegate.m; sourceTree = "<group>"; };
		BDE9F19819A7CDF100AA8DFB /* Images.xcassets */ = {isa = PBXFileReference; lastKnownFileType = folder.assetcatalog; path = Images.xcassets; sourceTree = "<group>"; };
		BDE9F1B019A7E46D00AA8DFB /* PWMetadataRequest.h */ = {isa = PBXFileReference; fileEncoding = 4; lastKnownFileType = sourcecode.c.h; path = PWMetadataRequest.h; sourceTree = "<group>"; };
		BDE9F1B119A7E46D00AA8DFB /* PWMetadataRequest.m */ = {isa = PBXFileReference; fileEncoding = 4; lastKnownFileType = sourcecode.c.objc; path = PWMetadataRequest.m; sourceTree = "<group>"; };
		BDE9F1B719A7E46D00AA8DFB /* PWBeaconCell.h */ = {isa = PBXFileReference; fileEncoding = 4; lastKnownFileType = sourcecode.c.h; path = PWBeaconCell.h; sourceTree = "<group>"; };
		BDE9F1B819A7E46D00AA8DFB /* PWBeaconCell.m */ = {isa = PBXFileReference; fileEncoding = 4; lastKnownFileType = sourcecode.c.objc; path = PWBeaconCell.m; sourceTree = "<group>"; };
		BDE9F1B919A7E46D00AA8DFB /* PWBeaconsViewController.h */ = {isa = PBXFileReference; fileEncoding = 4; lastKnownFileType = sourcecode.c.h; path = PWBeaconsViewController.h; sourceTree = "<group>"; };
		BDE9F1BA19A7E46D00AA8DFB /* PWBeaconsViewController.m */ = {isa = PBXFileReference; fileEncoding = 4; lastKnownFileType = sourcecode.c.objc; path = PWBeaconsViewController.m; sourceTree = "<group>"; };
		BDE9F1BB19A7E46D00AA8DFB /* PWGradientView.h */ = {isa = PBXFileReference; fileEncoding = 4; lastKnownFileType = sourcecode.c.h; path = PWGradientView.h; sourceTree = "<group>"; };
		BDE9F1BC19A7E46D00AA8DFB /* PWGradientView.m */ = {isa = PBXFileReference; fileEncoding = 4; lastKnownFileType = sourcecode.c.objc; path = PWGradientView.m; sourceTree = "<group>"; };
		BDE9F1C119A7E46D00AA8DFB /* PWSignalStrengthView.h */ = {isa = PBXFileReference; fileEncoding = 4; lastKnownFileType = sourcecode.c.h; path = PWSignalStrengthView.h; sourceTree = "<group>"; };
		BDE9F1C219A7E46D00AA8DFB /* PWSignalStrengthView.m */ = {isa = PBXFileReference; fileEncoding = 4; lastKnownFileType = sourcecode.c.objc; path = PWSignalStrengthView.m; sourceTree = "<group>"; };
		BDE9F1D819A7EAFC00AA8DFB /* PWBeaconManager.h */ = {isa = PBXFileReference; fileEncoding = 4; lastKnownFileType = sourcecode.c.h; path = PWBeaconManager.h; sourceTree = "<group>"; };
		BDE9F1D919A7EAFC00AA8DFB /* PWBeaconManager.m */ = {isa = PBXFileReference; fileEncoding = 4; lastKnownFileType = sourcecode.c.objc; path = PWBeaconManager.m; sourceTree = "<group>"; };
		BDE9F1DE19A7EF3F00AA8DFB /* PWBeacon.h */ = {isa = PBXFileReference; fileEncoding = 4; lastKnownFileType = sourcecode.c.h; path = PWBeacon.h; sourceTree = "<group>"; };
		BDE9F1DF19A7EF3F00AA8DFB /* PWBeacon.m */ = {isa = PBXFileReference; fileEncoding = 4; lastKnownFileType = sourcecode.c.objc; path = PWBeacon.m; sourceTree = "<group>"; };
		BDE9F1E119A7FB4000AA8DFB /* PWURLShortener.h */ = {isa = PBXFileReference; fileEncoding = 4; lastKnownFileType = sourcecode.c.h; path = PWURLShortener.h; sourceTree = "<group>"; };
		BDE9F1E219A7FB4000AA8DFB /* PWURLShortener.m */ = {isa = PBXFileReference; fileEncoding = 4; lastKnownFileType = sourcecode.c.objc; path = PWURLShortener.m; sourceTree = "<group>"; };
		BDE9F26E19ABE6DD00AA8DFB /* SDWebImage.xcodeproj */ = {isa = PBXFileReference; lastKnownFileType = "wrapper.pb-project"; name = SDWebImage.xcodeproj; path = "third-party/SDWebImage/SDWebImage.xcodeproj"; sourceTree = "<group>"; };
		BDE9F27F19ABEF4D00AA8DFB /* CoreBluetooth.framework */ = {isa = PBXFileReference; lastKnownFileType = wrapper.framework; name = CoreBluetooth.framework; path = System/Library/Frameworks/CoreBluetooth.framework; sourceTree = SDKROOT; };
		BDE9F28119ABEF5300AA8DFB /* CoreImage.framework */ = {isa = PBXFileReference; lastKnownFileType = wrapper.framework; name = CoreImage.framework; path = System/Library/Frameworks/CoreImage.framework; sourceTree = SDKROOT; };
		BDE9F28319ABEFB400AA8DFB /* CoreGraphics.framework */ = {isa = PBXFileReference; lastKnownFileType = wrapper.framework; name = CoreGraphics.framework; path = System/Library/Frameworks/CoreGraphics.framework; sourceTree = SDKROOT; };
		BDE9F28519ABF02700AA8DFB /* ImageIO.framework */ = {isa = PBXFileReference; lastKnownFileType = wrapper.framework; name = ImageIO.framework; path = System/Library/Frameworks/ImageIO.framework; sourceTree = SDKROOT; };
		BDE9F29819AD1D5000AA8DFB /* gear.png */ = {isa = PBXFileReference; lastKnownFileType = image.png; path = gear.png; sourceTree = "<group>"; };
		BDE9F29919AD1D5000AA8DFB /* gear@2x.png */ = {isa = PBXFileReference; lastKnownFileType = image.png; path = "gear@2x.png"; sourceTree = "<group>"; };
		BDE9F29C19AD551500AA8DFB /* PWConfigureViewController.h */ = {isa = PBXFileReference; fileEncoding = 4; lastKnownFileType = sourcecode.c.h; path = PWConfigureViewController.h; sourceTree = "<group>"; };
		BDE9F29D19AD551500AA8DFB /* PWConfigureViewController.m */ = {isa = PBXFileReference; fileEncoding = 4; lastKnownFileType = sourcecode.c.objc; path = PWConfigureViewController.m; sourceTree = "<group>"; };
		BDE9F29E19AD551500AA8DFB /* PWSettingsViewController.h */ = {isa = PBXFileReference; fileEncoding = 4; lastKnownFileType = sourcecode.c.h; path = PWSettingsViewController.h; sourceTree = "<group>"; };
		BDE9F29F19AD551500AA8DFB /* PWSettingsViewController.m */ = {isa = PBXFileReference; fileEncoding = 4; lastKnownFileType = sourcecode.c.objc; path = PWSettingsViewController.m; sourceTree = "<group>"; };
		BDE9F2AC19AEA58200AA8DFB /* 37x-Checkmark.png */ = {isa = PBXFileReference; lastKnownFileType = image.png; path = "37x-Checkmark.png"; sourceTree = "<group>"; };
		BDE9F2AD19AEA58200AA8DFB /* 37x-Checkmark@2x.png */ = {isa = PBXFileReference; lastKnownFileType = image.png; path = "37x-Checkmark@2x.png"; sourceTree = "<group>"; };
		BDFC4DCF19E60C1A00DC381C /* licenses.html */ = {isa = PBXFileReference; fileEncoding = 4; lastKnownFileType = text.html; path = licenses.html; sourceTree = "<group>"; };
		BDFC4DD619E60C5200DC381C /* PWSimpleWebViewController.h */ = {isa = PBXFileReference; fileEncoding = 4; lastKnownFileType = sourcecode.c.h; path = PWSimpleWebViewController.h; sourceTree = "<group>"; };
		BDFC4DD719E60C5200DC381C /* PWSimpleWebViewController.m */ = {isa = PBXFileReference; fileEncoding = 4; lastKnownFileType = sourcecode.c.objc; path = PWSimpleWebViewController.m; sourceTree = "<group>"; };
/* End PBXFileReference section */

/* Begin PBXFrameworksBuildPhase section */
		BDA3FA8319EF2DD700CFAA74 /* Frameworks */ = {
			isa = PBXFrameworksBuildPhase;
			buildActionMask = 2147483647;
			files = (
				BD49959219F717C6000945BC /* ImageIO.framework in Frameworks */,
				BD49959019F7178E000945BC /* libSDWebImage.a in Frameworks */,
				BDA3FAA219EF327400CFAA74 /* liburibeacon.a in Frameworks */,
				BDA3FA8919EF2DD700CFAA74 /* NotificationCenter.framework in Frameworks */,
			);
			runOnlyForDeploymentPostprocessing = 0;
		};
		BDE9F18519A7CDF100AA8DFB /* Frameworks */ = {
			isa = PBXFrameworksBuildPhase;
			buildActionMask = 2147483647;
			files = (
				BDA2F8C719D1FD9C00DA4FFD /* liburibeacon.a in Frameworks */,
				BD039C0419D0E8F8005A7F37 /* libMBProgressHUD.a in Frameworks */,
				BD039C0519D0E8F8005A7F37 /* libSDWebImage.a in Frameworks */,
				BDE9F28619ABF02700AA8DFB /* ImageIO.framework in Frameworks */,
				BDE9F28019ABEF4D00AA8DFB /* CoreBluetooth.framework in Frameworks */,
			);
			runOnlyForDeploymentPostprocessing = 0;
		};
/* End PBXFrameworksBuildPhase section */

/* Begin PBXGroup section */
		BD039BFB19D0E8BB005A7F37 /* Products */ = {
			isa = PBXGroup;
			children = (
				BD039BFF19D0E8BB005A7F37 /* libMBProgressHUD.a */,
			);
			name = Products;
			sourceTree = "<group>";
		};
		BDA2F8B919D1FD8600DA4FFD /* Products */ = {
			isa = PBXGroup;
			children = (
				BDA2F8C019D1FD8600DA4FFD /* liburibeacon.a */,
				BDA2F8C219D1FD8600DA4FFD /* uribeacon-sample.app */,
				BDA2F8C419D1FD8600DA4FFD /* uribeacon-tests.xctest */,
			);
			name = Products;
			sourceTree = "<group>";
		};
		BDA3FA8719EF2DD700CFAA74 /* Frameworks */ = {
			isa = PBXGroup;
			children = (
				BDA3FA8819EF2DD700CFAA74 /* NotificationCenter.framework */,
			);
			name = Frameworks;
			sourceTree = "<group>";
		};
		BDA3FA8A19EF2DD700CFAA74 /* today */ = {
			isa = PBXGroup;
			children = (
				BDDFE6EE1A0069F000A76255 /* today.entitlements */,
				BDA3FA8D19EF2DD700CFAA74 /* TodayViewController.h */,
				BDA3FA8E19EF2DD700CFAA74 /* TodayViewController.m */,
				BDA3FA8B19EF2DD700CFAA74 /* Supporting Files */,
			);
			path = today;
			sourceTree = "<group>";
		};
		BDA3FA8B19EF2DD700CFAA74 /* Supporting Files */ = {
			isa = PBXGroup;
			children = (
				BDA3FA8C19EF2DD700CFAA74 /* Info.plist */,
			);
			name = "Supporting Files";
			sourceTree = "<group>";
		};
		BDBFD66D1A2D125700A0B5E0 /* SVPullToRefresh */ = {
			isa = PBXGroup;
			children = (
				BDBFD66E1A2D125700A0B5E0 /* SVPullToRefresh.h */,
				BDBFD66F1A2D125700A0B5E0 /* UIScrollView+SVInfiniteScrolling.h */,
				BDBFD6701A2D125700A0B5E0 /* UIScrollView+SVInfiniteScrolling.m */,
				BDBFD6711A2D125700A0B5E0 /* UIScrollView+SVPullToRefresh.h */,
				BDBFD6721A2D125700A0B5E0 /* UIScrollView+SVPullToRefresh.m */,
			);
			name = SVPullToRefresh;
			path = "third-party/SVPullToRefresh/SVPullToRefresh";
			sourceTree = "<group>";
		};
		BDC5A9B81B3B3D60008D9A0B /* JBChartView */ = {
			isa = PBXGroup;
			children = (
				BDDC71041B4B20C20000581C /* JBChartView.h */,
				BDDC71051B4B20C20000581C /* JBChartView.m */,
				BDDC71061B4B20C20000581C /* JBLineChartView.h */,
				BDDC71071B4B20C20000581C /* JBLineChartView.m */,
			);
			name = JBChartView;
			sourceTree = "<group>";
		};
		BDE9F17F19A7CDF100AA8DFB = {
			isa = PBXGroup;
			children = (
				BDE9F27E19ABEF3D00AA8DFB /* frameworks */,
				BDE9F18A19A7CDF100AA8DFB /* PhyWeb */,
				BDA3FA8A19EF2DD700CFAA74 /* today */,
				BDA3FA8719EF2DD700CFAA74 /* Frameworks */,
				BDE9F18919A7CDF100AA8DFB /* Products */,
			);
			sourceTree = "<group>";
		};
		BDE9F18919A7CDF100AA8DFB /* Products */ = {
			isa = PBXGroup;
			children = (
				BDE9F18819A7CDF100AA8DFB /* PhyWeb.app */,
				BDA3FA8619EF2DD700CFAA74 /* today.appex */,
			);
			name = Products;
			sourceTree = "<group>";
		};
		BDE9F18A19A7CDF100AA8DFB /* PhyWeb */ = {
			isa = PBXGroup;
			children = (
				BDDFE6ED1A0069B700A76255 /* PhyWeb.entitlements */,
				BDE9F1CD19A7E68400AA8DFB /* third-party */,
				BDE9F1AF19A7E46D00AA8DFB /* Backend */,
				BDE9F1B219A7E46D00AA8DFB /* Resources */,
				BDE9F1B619A7E46D00AA8DFB /* UI */,
				BDE9F18F19A7CDF100AA8DFB /* AppDelegate.h */,
				BDE9F19019A7CDF100AA8DFB /* AppDelegate.m */,
				BDE9F19819A7CDF100AA8DFB /* Images.xcassets */,
				BDE9F18B19A7CDF100AA8DFB /* Supporting Files */,
			);
			path = PhyWeb;
			sourceTree = "<group>";
		};
		BDE9F18B19A7CDF100AA8DFB /* Supporting Files */ = {
			isa = PBXGroup;
			children = (
				BDE9F18C19A7CDF100AA8DFB /* Info.plist */,
				BDE9F18D19A7CDF100AA8DFB /* main.m */,
			);
			name = "Supporting Files";
			sourceTree = "<group>";
		};
		BDE9F1AF19A7E46D00AA8DFB /* Backend */ = {
			isa = PBXGroup;
			children = (
				BDE9F1B019A7E46D00AA8DFB /* PWMetadataRequest.h */,
				BDE9F1B119A7E46D00AA8DFB /* PWMetadataRequest.m */,
				BDE9F1D819A7EAFC00AA8DFB /* PWBeaconManager.h */,
				BDE9F1D919A7EAFC00AA8DFB /* PWBeaconManager.m */,
				BDE9F1DE19A7EF3F00AA8DFB /* PWBeacon.h */,
				BDE9F1DF19A7EF3F00AA8DFB /* PWBeacon.m */,
				BDE9F1E119A7FB4000AA8DFB /* PWURLShortener.h */,
				BDE9F1E219A7FB4000AA8DFB /* PWURLShortener.m */,
			);
			path = Backend;
			sourceTree = "<group>";
		};
		BDE9F1B219A7E46D00AA8DFB /* Resources */ = {
			isa = PBXGroup;
			children = (
				BDE4D8C719E355B4007938F0 /* ScanError.png */,
				BDE4D8B519DF65A4007938F0 /* Progress1.png */,
				BDE4D8B619DF65A4007938F0 /* Progress2.png */,
				BDE4D8B719DF65A4007938F0 /* Progress3.png */,
				BDE4D8A719DE03F1007938F0 /* LaunchIcon.png */,
				BDE4D88519DDF678007938F0 /* icon-29.png */,
				BDE4D88619DDF678007938F0 /* icon-40.png */,
				BDE4D88719DDF678007938F0 /* icon-50.png */,
				BDE4D88819DDF678007938F0 /* icon-57.png */,
				BDE4D88919DDF678007938F0 /* icon-58.png */,
				BDE4D88A19DDF678007938F0 /* icon-72.png */,
				BDE4D88B19DDF678007938F0 /* icon-76.png */,
				BDE4D88C19DDF678007938F0 /* icon-80.png */,
				BDE4D88D19DDF678007938F0 /* icon-87.png */,
				BDE4D88E19DDF678007938F0 /* icon-100.png */,
				BDE4D88F19DDF678007938F0 /* icon-114.png */,
				BDE4D89019DDF678007938F0 /* icon-120.png */,
				BDE4D89119DDF678007938F0 /* icon-144.png */,
				BDE4D89219DDF678007938F0 /* icon-152.png */,
				BDE4D89319DDF678007938F0 /* icon-180.png */,
				BDE4D89419DDF678007938F0 /* icon-512.png */,
				BDE9F2AC19AEA58200AA8DFB /* 37x-Checkmark.png */,
				BDE9F2AD19AEA58200AA8DFB /* 37x-Checkmark@2x.png */,
				BDE9F29819AD1D5000AA8DFB /* gear.png */,
				BDE9F29919AD1D5000AA8DFB /* gear@2x.png */,
				BDE4D8A519DE0242007938F0 /* LaunchScreen.xib */,
				BDFC4DCF19E60C1A00DC381C /* licenses.html */,
			);
			path = Resources;
			sourceTree = "<group>";
		};
		BDE9F1B619A7E46D00AA8DFB /* UI */ = {
			isa = PBXGroup;
			children = (
				BDE9F1B719A7E46D00AA8DFB /* PWBeaconCell.h */,
				BDE9F1B819A7E46D00AA8DFB /* PWBeaconCell.m */,
				BDE9F1B919A7E46D00AA8DFB /* PWBeaconsViewController.h */,
				BDE9F1BA19A7E46D00AA8DFB /* PWBeaconsViewController.m */,
				BDE9F1BB19A7E46D00AA8DFB /* PWGradientView.h */,
				BDE9F1BC19A7E46D00AA8DFB /* PWGradientView.m */,
				BDE9F1C119A7E46D00AA8DFB /* PWSignalStrengthView.h */,
				BDE9F1C219A7E46D00AA8DFB /* PWSignalStrengthView.m */,
				BDE9F29C19AD551500AA8DFB /* PWConfigureViewController.h */,
				BDE9F29D19AD551500AA8DFB /* PWConfigureViewController.m */,
				BDE9F29E19AD551500AA8DFB /* PWSettingsViewController.h */,
				BDE9F29F19AD551500AA8DFB /* PWSettingsViewController.m */,
				BDE4D8B219DE154B007938F0 /* PWPlaceholderView.h */,
				BDE4D8B319DE154B007938F0 /* PWPlaceholderView.m */,
				BDE4D8BB19DF65BE007938F0 /* PWActivityIndicator.h */,
				BDE4D8BC19DF65BE007938F0 /* PWActivityIndicator.m */,
				BDFC4DD619E60C5200DC381C /* PWSimpleWebViewController.h */,
				BDFC4DD719E60C5200DC381C /* PWSimpleWebViewController.m */,
				BDC5A9AA1B3B3A90008D9A0B /* PWChartViewController.h */,
				BDC5A9AB1B3B3A90008D9A0B /* PWChartViewController.m */,
				BD3E51B71B4C4ED000F3ECBF /* PWBeaconChartTableViewCell.h */,
				BD3E51B81B4C4ED000F3ECBF /* PWBeaconChartTableViewCell.m */,
			);
			path = UI;
			sourceTree = "<group>";
		};
		BDE9F1CD19A7E68400AA8DFB /* third-party */ = {
			isa = PBXGroup;
			children = (
				BDC5A9B81B3B3D60008D9A0B /* JBChartView */,
				BDBFD66D1A2D125700A0B5E0 /* SVPullToRefresh */,
				BDA2F8B819D1FD8600DA4FFD /* uribeacon.xcodeproj */,
				BD039BFA19D0E8BB005A7F37 /* MBProgressHUD.xcodeproj */,
				BDE9F26E19ABE6DD00AA8DFB /* SDWebImage.xcodeproj */,
			);
			name = "third-party";
			sourceTree = "<group>";
		};
		BDE9F26F19ABE6DD00AA8DFB /* Products */ = {
			isa = PBXGroup;
			children = (
				BDE9F27619ABE6DE00AA8DFB /* libSDWebImage.a */,
				BDE9F27819ABE6DE00AA8DFB /* libSDWebImage+WebP.a */,
				BDE9F27A19ABE6DE00AA8DFB /* libSDWebImage+MKAnnotation.a */,
			);
			name = Products;
			sourceTree = "<group>";
		};
		BDE9F27E19ABEF3D00AA8DFB /* frameworks */ = {
			isa = PBXGroup;
			children = (
				BDE9F28519ABF02700AA8DFB /* ImageIO.framework */,
				BDE9F28319ABEFB400AA8DFB /* CoreGraphics.framework */,
				BDE9F28119ABEF5300AA8DFB /* CoreImage.framework */,
				BDE9F27F19ABEF4D00AA8DFB /* CoreBluetooth.framework */,
			);
			name = frameworks;
			sourceTree = "<group>";
		};
/* End PBXGroup section */

/* Begin PBXLegacyTarget section */
		BDA3FA4F19E8A18300CFAA74 /* archive-build */ = {
			isa = PBXLegacyTarget;
			buildArgumentsString = "$(SRCROOT)/scripts/update-build.sh";
			buildConfigurationList = BDA3FA5019E8A18300CFAA74 /* Build configuration list for PBXLegacyTarget "archive-build" */;
			buildPhases = (
			);
			buildToolPath = /bin/sh;
			buildWorkingDirectory = "$(SRCROOT)/PhyWeb";
			dependencies = (
			);
			name = "archive-build";
			passBuildSettingsInEnvironment = 1;
			productName = "archive-build";
		};
		BDA3FA5519EC8F0700CFAA74 /* make-dev */ = {
			isa = PBXLegacyTarget;
			buildArgumentsString = "$(SRCROOT)/scripts/make-dev.sh";
			buildConfigurationList = BDA3FA5619EC8F0700CFAA74 /* Build configuration list for PBXLegacyTarget "make-dev" */;
			buildPhases = (
			);
			buildToolPath = /bin/sh;
			buildWorkingDirectory = "$(SRCROOT)/PhyWeb";
			dependencies = (
			);
			name = "make-dev";
			passBuildSettingsInEnvironment = 1;
			productName = "make dev";
		};
/* End PBXLegacyTarget section */

/* Begin PBXNativeTarget section */
		BDA3FA8519EF2DD700CFAA74 /* today */ = {
			isa = PBXNativeTarget;
			buildConfigurationList = BDA3FA9E19EF2DD700CFAA74 /* Build configuration list for PBXNativeTarget "today" */;
			buildPhases = (
				BDA3FA8219EF2DD700CFAA74 /* Sources */,
				BDA3FA8319EF2DD700CFAA74 /* Frameworks */,
				BDA3FA8419EF2DD700CFAA74 /* Resources */,
			);
			buildRules = (
			);
			dependencies = (
				BDA3FAA119EF326E00CFAA74 /* PBXTargetDependency */,
			);
			name = today;
			productName = today;
			productReference = BDA3FA8619EF2DD700CFAA74 /* today.appex */;
			productType = "com.apple.product-type.app-extension";
		};
		BDE9F18719A7CDF100AA8DFB /* PhyWeb */ = {
			isa = PBXNativeTarget;
			buildConfigurationList = BDE9F1A819A7CDF100AA8DFB /* Build configuration list for PBXNativeTarget "PhyWeb" */;
			buildPhases = (
				BDE9F18419A7CDF100AA8DFB /* Sources */,
				BDE9F18519A7CDF100AA8DFB /* Frameworks */,
				BDE9F18619A7CDF100AA8DFB /* Resources */,
				BDA3FA9F19EF2DD700CFAA74 /* Embed App Extensions */,
			);
			buildRules = (
			);
			dependencies = (
				BDA2F8C619D1FD9800DA4FFD /* PBXTargetDependency */,
				BD039C0319D0E8DE005A7F37 /* PBXTargetDependency */,
				BDE9F27C19ABE6EC00AA8DFB /* PBXTargetDependency */,
				BDA3FA9319EF2DD700CFAA74 /* PBXTargetDependency */,
				BDA3FA9619EF2DD700CFAA74 /* PBXTargetDependency */,
			);
			name = PhyWeb;
			productName = PhyWeb;
			productReference = BDE9F18819A7CDF100AA8DFB /* PhyWeb.app */;
			productType = "com.apple.product-type.application";
		};
/* End PBXNativeTarget section */

/* Begin PBXProject section */
		BDE9F18019A7CDF100AA8DFB /* Project object */ = {
			isa = PBXProject;
			attributes = {
				LastUpgradeCheck = 0600;
				ORGANIZATIONNAME = "Hoa Dinh";
				TargetAttributes = {
					BDA3FA4F19E8A18300CFAA74 = {
						CreatedOnToolsVersion = 6.0.1;
					};
					BDA3FA5519EC8F0700CFAA74 = {
						CreatedOnToolsVersion = 6.0.1;
					};
					BDA3FA8519EF2DD700CFAA74 = {
						CreatedOnToolsVersion = 6.0.1;
						DevelopmentTeam = A2PMJ2T6DQ;
						SystemCapabilities = {
							com.apple.ApplicationGroups.iOS = {
								enabled = 1;
							};
						};
					};
					BDE9F18719A7CDF100AA8DFB = {
						CreatedOnToolsVersion = 6.0;
						DevelopmentTeam = A2PMJ2T6DQ;
						SystemCapabilities = {
							com.apple.ApplicationGroups.iOS = {
								enabled = 1;
							};
						};
					};
				};
			};
			buildConfigurationList = BDE9F18319A7CDF100AA8DFB /* Build configuration list for PBXProject "PhyWeb" */;
			compatibilityVersion = "Xcode 3.2";
			developmentRegion = English;
			hasScannedForEncodings = 0;
			knownRegions = (
				en,
				Base,
			);
			mainGroup = BDE9F17F19A7CDF100AA8DFB;
			productRefGroup = BDE9F18919A7CDF100AA8DFB /* Products */;
			projectDirPath = "";
			projectReferences = (
				{
					ProductGroup = BD039BFB19D0E8BB005A7F37 /* Products */;
					ProjectRef = BD039BFA19D0E8BB005A7F37 /* MBProgressHUD.xcodeproj */;
				},
				{
					ProductGroup = BDE9F26F19ABE6DD00AA8DFB /* Products */;
					ProjectRef = BDE9F26E19ABE6DD00AA8DFB /* SDWebImage.xcodeproj */;
				},
				{
					ProductGroup = BDA2F8B919D1FD8600DA4FFD /* Products */;
					ProjectRef = BDA2F8B819D1FD8600DA4FFD /* uribeacon.xcodeproj */;
				},
			);
			projectRoot = "";
			targets = (
				BDE9F18719A7CDF100AA8DFB /* PhyWeb */,
				BDA3FA4F19E8A18300CFAA74 /* archive-build */,
				BDA3FA5519EC8F0700CFAA74 /* make-dev */,
				BDA3FA8519EF2DD700CFAA74 /* today */,
			);
		};
/* End PBXProject section */

/* Begin PBXReferenceProxy section */
		BD039BFF19D0E8BB005A7F37 /* libMBProgressHUD.a */ = {
			isa = PBXReferenceProxy;
			fileType = archive.ar;
			path = libMBProgressHUD.a;
			remoteRef = BD039BFE19D0E8BB005A7F37 /* PBXContainerItemProxy */;
			sourceTree = BUILT_PRODUCTS_DIR;
		};
		BDA2F8C019D1FD8600DA4FFD /* liburibeacon.a */ = {
			isa = PBXReferenceProxy;
			fileType = archive.ar;
			path = liburibeacon.a;
			remoteRef = BDA2F8BF19D1FD8600DA4FFD /* PBXContainerItemProxy */;
			sourceTree = BUILT_PRODUCTS_DIR;
		};
		BDA2F8C219D1FD8600DA4FFD /* uribeacon-sample.app */ = {
			isa = PBXReferenceProxy;
			fileType = wrapper.application;
			path = "uribeacon-sample.app";
			remoteRef = BDA2F8C119D1FD8600DA4FFD /* PBXContainerItemProxy */;
			sourceTree = BUILT_PRODUCTS_DIR;
		};
		BDA2F8C419D1FD8600DA4FFD /* uribeacon-tests.xctest */ = {
			isa = PBXReferenceProxy;
			fileType = wrapper.cfbundle;
			path = "uribeacon-tests.xctest";
			remoteRef = BDA2F8C319D1FD8600DA4FFD /* PBXContainerItemProxy */;
			sourceTree = BUILT_PRODUCTS_DIR;
		};
		BDE9F27619ABE6DE00AA8DFB /* libSDWebImage.a */ = {
			isa = PBXReferenceProxy;
			fileType = archive.ar;
			path = libSDWebImage.a;
			remoteRef = BDE9F27519ABE6DE00AA8DFB /* PBXContainerItemProxy */;
			sourceTree = BUILT_PRODUCTS_DIR;
		};
		BDE9F27819ABE6DE00AA8DFB /* libSDWebImage+WebP.a */ = {
			isa = PBXReferenceProxy;
			fileType = archive.ar;
			path = "libSDWebImage+WebP.a";
			remoteRef = BDE9F27719ABE6DE00AA8DFB /* PBXContainerItemProxy */;
			sourceTree = BUILT_PRODUCTS_DIR;
		};
		BDE9F27A19ABE6DE00AA8DFB /* libSDWebImage+MKAnnotation.a */ = {
			isa = PBXReferenceProxy;
			fileType = archive.ar;
			path = "libSDWebImage+MKAnnotation.a";
			remoteRef = BDE9F27919ABE6DE00AA8DFB /* PBXContainerItemProxy */;
			sourceTree = BUILT_PRODUCTS_DIR;
		};
/* End PBXReferenceProxy section */

/* Begin PBXResourcesBuildPhase section */
		BDA3FA8419EF2DD700CFAA74 /* Resources */ = {
			isa = PBXResourcesBuildPhase;
			buildActionMask = 2147483647;
			files = (
			);
			runOnlyForDeploymentPostprocessing = 0;
		};
		BDE9F18619A7CDF100AA8DFB /* Resources */ = {
			isa = PBXResourcesBuildPhase;
			buildActionMask = 2147483647;
			files = (
				BDE4D8B919DF65A4007938F0 /* Progress2.png in Resources */,
				BDE9F2AF19AEA58200AA8DFB /* 37x-Checkmark@2x.png in Resources */,
				BDE4D8BA19DF65A4007938F0 /* Progress3.png in Resources */,
				BDE9F29A19AD1D5000AA8DFB /* gear.png in Resources */,
				BDE4D8A619DE0242007938F0 /* LaunchScreen.xib in Resources */,
				BDE9F2AE19AEA58200AA8DFB /* 37x-Checkmark.png in Resources */,
				BDFC4DD019E60C1A00DC381C /* licenses.html in Resources */,
				BDE9F29B19AD1D5000AA8DFB /* gear@2x.png in Resources */,
				BDE9F19919A7CDF100AA8DFB /* Images.xcassets in Resources */,
				BDE4D8B819DF65A4007938F0 /* Progress1.png in Resources */,
				BDE4D8A819DE03F1007938F0 /* LaunchIcon.png in Resources */,
				BDE4D8C819E355B4007938F0 /* ScanError.png in Resources */,
			);
			runOnlyForDeploymentPostprocessing = 0;
		};
/* End PBXResourcesBuildPhase section */

/* Begin PBXSourcesBuildPhase section */
		BDA3FA8219EF2DD700CFAA74 /* Sources */ = {
			isa = PBXSourcesBuildPhase;
			buildActionMask = 2147483647;
			files = (
				BDA3FAA719EF338F00CFAA74 /* PWBeaconCell.m in Sources */,
				BDA3FAA819EF38A600CFAA74 /* PWSignalStrengthView.m in Sources */,
				BDA3FAA519EF329900CFAA74 /* PWBeacon.m in Sources */,
				BDA3FAA319EF329400CFAA74 /* PWBeaconManager.m in Sources */,
				BDA3FAA419EF329700CFAA74 /* PWMetadataRequest.m in Sources */,
				BDA3FA8F19EF2DD700CFAA74 /* TodayViewController.m in Sources */,
				BDA3FAA619EF329C00CFAA74 /* PWURLShortener.m in Sources */,
			);
			runOnlyForDeploymentPostprocessing = 0;
		};
		BDE9F18419A7CDF100AA8DFB /* Sources */ = {
			isa = PBXSourcesBuildPhase;
			buildActionMask = 2147483647;
			files = (
				BDE4D8B419DE154B007938F0 /* PWPlaceholderView.m in Sources */,
				BDE9F1E019A7EF3F00AA8DFB /* PWBeacon.m in Sources */,
				BDE9F1C719A7E46D00AA8DFB /* PWBeaconCell.m in Sources */,
				BDE9F19119A7CDF100AA8DFB /* AppDelegate.m in Sources */,
				BDFC4DD819E60C5200DC381C /* PWSimpleWebViewController.m in Sources */,
				BDDC71091B4B20C20000581C /* JBLineChartView.m in Sources */,
				BDE9F1C819A7E46D00AA8DFB /* PWBeaconsViewController.m in Sources */,
				BDE9F2A019AD551500AA8DFB /* PWConfigureViewController.m in Sources */,
				BDE9F1C919A7E46D00AA8DFB /* PWGradientView.m in Sources */,
				BDC5A9AC1B3B3A90008D9A0B /* PWChartViewController.m in Sources */,
				BDE9F1E319A7FB4000AA8DFB /* PWURLShortener.m in Sources */,
				BDE9F1C319A7E46D00AA8DFB /* PWMetadataRequest.m in Sources */,
				BDE9F2A119AD551500AA8DFB /* PWSettingsViewController.m in Sources */,
				BD3E51B91B4C4ED000F3ECBF /* PWBeaconChartTableViewCell.m in Sources */,
				BDE9F18E19A7CDF100AA8DFB /* main.m in Sources */,
				BDBFD6731A2D125700A0B5E0 /* UIScrollView+SVInfiniteScrolling.m in Sources */,
				BDDC71081B4B20C20000581C /* JBChartView.m in Sources */,
				BDE9F1DA19A7EAFC00AA8DFB /* PWBeaconManager.m in Sources */,
				BDBFD6741A2D125700A0B5E0 /* UIScrollView+SVPullToRefresh.m in Sources */,
				BDE9F1CC19A7E46D00AA8DFB /* PWSignalStrengthView.m in Sources */,
				BDE4D8BD19DF65BE007938F0 /* PWActivityIndicator.m in Sources */,
			);
			runOnlyForDeploymentPostprocessing = 0;
		};
/* End PBXSourcesBuildPhase section */

/* Begin PBXTargetDependency section */
		BD039C0319D0E8DE005A7F37 /* PBXTargetDependency */ = {
			isa = PBXTargetDependency;
			name = MBProgressHUD;
			targetProxy = BD039C0219D0E8DE005A7F37 /* PBXContainerItemProxy */;
		};
		BDA2F8C619D1FD9800DA4FFD /* PBXTargetDependency */ = {
			isa = PBXTargetDependency;
			name = uribeacon;
			targetProxy = BDA2F8C519D1FD9800DA4FFD /* PBXContainerItemProxy */;
		};
		BDA3FA9319EF2DD700CFAA74 /* PBXTargetDependency */ = {
			isa = PBXTargetDependency;
			target = BDA3FA8519EF2DD700CFAA74 /* today */;
			targetProxy = BDA3FA9219EF2DD700CFAA74 /* PBXContainerItemProxy */;
		};
		BDA3FA9619EF2DD700CFAA74 /* PBXTargetDependency */ = {
			isa = PBXTargetDependency;
			target = BDA3FA8519EF2DD700CFAA74 /* today */;
			targetProxy = BDA3FA9519EF2DD700CFAA74 /* PBXContainerItemProxy */;
		};
		BDA3FAA119EF326E00CFAA74 /* PBXTargetDependency */ = {
			isa = PBXTargetDependency;
			name = uribeacon;
			targetProxy = BDA3FAA019EF326E00CFAA74 /* PBXContainerItemProxy */;
		};
		BDE9F27C19ABE6EC00AA8DFB /* PBXTargetDependency */ = {
			isa = PBXTargetDependency;
			name = SDWebImage;
			targetProxy = BDE9F27B19ABE6EC00AA8DFB /* PBXContainerItemProxy */;
		};
/* End PBXTargetDependency section */

/* Begin XCBuildConfiguration section */
		BDA3FA5119E8A18300CFAA74 /* Debug */ = {
			isa = XCBuildConfiguration;
			buildSettings = {
				DEBUGGING_SYMBOLS = YES;
				GCC_GENERATE_DEBUGGING_SYMBOLS = YES;
				GCC_OPTIMIZATION_LEVEL = 0;
				GCC_PREPROCESSOR_DEFINITIONS = (
					"DEBUG=1",
					"$(inherited)",
				);
				MACOSX_DEPLOYMENT_TARGET = 10.9;
				OTHER_CFLAGS = "";
				OTHER_LDFLAGS = "";
				PRODUCT_NAME = "$(TARGET_NAME)";
				SDKROOT = macosx;
			};
			name = Debug;
		};
		BDA3FA5219E8A18300CFAA74 /* Release */ = {
			isa = XCBuildConfiguration;
			buildSettings = {
				DEBUG_INFORMATION_FORMAT = "dwarf-with-dsym";
				MACOSX_DEPLOYMENT_TARGET = 10.9;
				OTHER_CFLAGS = "";
				OTHER_LDFLAGS = "";
				PRODUCT_NAME = "$(TARGET_NAME)";
				SDKROOT = macosx;
			};
			name = Release;
		};
		BDA3FA5719EC8F0700CFAA74 /* Debug */ = {
			isa = XCBuildConfiguration;
			buildSettings = {
				DEBUGGING_SYMBOLS = YES;
				GCC_GENERATE_DEBUGGING_SYMBOLS = YES;
				GCC_OPTIMIZATION_LEVEL = 0;
				GCC_PREPROCESSOR_DEFINITIONS = (
					"DEBUG=1",
					"$(inherited)",
				);
				MACOSX_DEPLOYMENT_TARGET = 10.9;
				OTHER_CFLAGS = "";
				OTHER_LDFLAGS = "";
				PRODUCT_NAME = "$(TARGET_NAME)";
				SDKROOT = macosx;
			};
			name = Debug;
		};
		BDA3FA5819EC8F0700CFAA74 /* Release */ = {
			isa = XCBuildConfiguration;
			buildSettings = {
				DEBUG_INFORMATION_FORMAT = "dwarf-with-dsym";
				MACOSX_DEPLOYMENT_TARGET = 10.9;
				OTHER_CFLAGS = "";
				OTHER_LDFLAGS = "";
				PRODUCT_NAME = "$(TARGET_NAME)";
				SDKROOT = macosx;
			};
			name = Release;
		};
		BDA3FA9719EF2DD700CFAA74 /* Debug */ = {
			isa = XCBuildConfiguration;
			buildSettings = {
				CODE_SIGN_ENTITLEMENTS = today/today.entitlements;
				CODE_SIGN_IDENTITY = "iPhone Developer";
				"CODE_SIGN_IDENTITY[sdk=iphoneos*]" = "iPhone Developer";
				GCC_PREPROCESSOR_DEFINITIONS = (
					"$(inherited)",
					"TODAY_EXTENSION=1",
				);
				INFOPLIST_FILE = today/Info.plist;
				LD_RUNPATH_SEARCH_PATHS = "$(inherited) @executable_path/Frameworks @executable_path/../../Frameworks";
				OTHER_LDFLAGS = "-ObjC";
				PRODUCT_NAME = "$(TARGET_NAME)";
				PROVISIONING_PROFILE = "";
				SKIP_INSTALL = YES;
			};
			name = Debug;
		};
		BDA3FA9819EF2DD700CFAA74 /* Release */ = {
			isa = XCBuildConfiguration;
			buildSettings = {
				CODE_SIGN_ENTITLEMENTS = today/today.entitlements;
				CODE_SIGN_IDENTITY = "iPhone Developer";
				"CODE_SIGN_IDENTITY[sdk=iphoneos*]" = "iPhone Developer";
				GCC_PREPROCESSOR_DEFINITIONS = (
					"$(inherited)",
					"TODAY_EXTENSION=1",
				);
				INFOPLIST_FILE = today/Info.plist;
				LD_RUNPATH_SEARCH_PATHS = "$(inherited) @executable_path/Frameworks @executable_path/../../Frameworks";
				OTHER_LDFLAGS = "-ObjC";
				PRODUCT_NAME = "$(TARGET_NAME)";
				PROVISIONING_PROFILE = "";
				SKIP_INSTALL = YES;
			};
			name = Release;
		};
		BDE9F1A619A7CDF100AA8DFB /* Debug */ = {
			isa = XCBuildConfiguration;
			buildSettings = {
				ALWAYS_SEARCH_USER_PATHS = NO;
				CLANG_CXX_LANGUAGE_STANDARD = "gnu++0x";
				CLANG_CXX_LIBRARY = "libc++";
				CLANG_ENABLE_MODULES = YES;
				CLANG_ENABLE_OBJC_ARC = YES;
				CLANG_WARN_BOOL_CONVERSION = YES;
				CLANG_WARN_CONSTANT_CONVERSION = YES;
				CLANG_WARN_DIRECT_OBJC_ISA_USAGE = YES_ERROR;
				CLANG_WARN_EMPTY_BODY = YES;
				CLANG_WARN_ENUM_CONVERSION = YES;
				CLANG_WARN_INT_CONVERSION = YES;
				CLANG_WARN_OBJC_ROOT_CLASS = YES_ERROR;
				CLANG_WARN_UNREACHABLE_CODE = YES;
				CLANG_WARN__DUPLICATE_METHOD_MATCH = YES;
				"CODE_SIGN_IDENTITY[sdk=iphoneos*]" = "iPhone Developer";
				COPY_PHASE_STRIP = NO;
				ENABLE_STRICT_OBJC_MSGSEND = YES;
				GCC_C_LANGUAGE_STANDARD = gnu99;
				GCC_DYNAMIC_NO_PIC = NO;
				GCC_OPTIMIZATION_LEVEL = 0;
				GCC_PREPROCESSOR_DEFINITIONS = (
					"DEBUG=1",
					"$(inherited)",
				);
				GCC_SYMBOLS_PRIVATE_EXTERN = NO;
				GCC_WARN_64_TO_32_BIT_CONVERSION = YES;
				GCC_WARN_ABOUT_RETURN_TYPE = YES_ERROR;
				GCC_WARN_UNDECLARED_SELECTOR = YES;
				GCC_WARN_UNINITIALIZED_AUTOS = YES_AGGRESSIVE;
				GCC_WARN_UNUSED_FUNCTION = YES;
				GCC_WARN_UNUSED_VARIABLE = YES;
				IPHONEOS_DEPLOYMENT_TARGET = 8.0;
				MTL_ENABLE_DEBUG_INFO = YES;
				ONLY_ACTIVE_ARCH = YES;
				SDKROOT = iphoneos;
				TARGETED_DEVICE_FAMILY = "1,2";
			};
			name = Debug;
		};
		BDE9F1A719A7CDF100AA8DFB /* Release */ = {
			isa = XCBuildConfiguration;
			buildSettings = {
				ALWAYS_SEARCH_USER_PATHS = NO;
				CLANG_CXX_LANGUAGE_STANDARD = "gnu++0x";
				CLANG_CXX_LIBRARY = "libc++";
				CLANG_ENABLE_MODULES = YES;
				CLANG_ENABLE_OBJC_ARC = YES;
				CLANG_WARN_BOOL_CONVERSION = YES;
				CLANG_WARN_CONSTANT_CONVERSION = YES;
				CLANG_WARN_DIRECT_OBJC_ISA_USAGE = YES_ERROR;
				CLANG_WARN_EMPTY_BODY = YES;
				CLANG_WARN_ENUM_CONVERSION = YES;
				CLANG_WARN_INT_CONVERSION = YES;
				CLANG_WARN_OBJC_ROOT_CLASS = YES_ERROR;
				CLANG_WARN_UNREACHABLE_CODE = YES;
				CLANG_WARN__DUPLICATE_METHOD_MATCH = YES;
				"CODE_SIGN_IDENTITY[sdk=iphoneos*]" = "iPhone Developer";
				COPY_PHASE_STRIP = YES;
				ENABLE_NS_ASSERTIONS = NO;
				ENABLE_STRICT_OBJC_MSGSEND = YES;
				GCC_C_LANGUAGE_STANDARD = gnu99;
				GCC_WARN_64_TO_32_BIT_CONVERSION = YES;
				GCC_WARN_ABOUT_RETURN_TYPE = YES_ERROR;
				GCC_WARN_UNDECLARED_SELECTOR = YES;
				GCC_WARN_UNINITIALIZED_AUTOS = YES_AGGRESSIVE;
				GCC_WARN_UNUSED_FUNCTION = YES;
				GCC_WARN_UNUSED_VARIABLE = YES;
				IPHONEOS_DEPLOYMENT_TARGET = 8.0;
				MTL_ENABLE_DEBUG_INFO = NO;
				SDKROOT = iphoneos;
				TARGETED_DEVICE_FAMILY = "1,2";
				VALIDATE_PRODUCT = YES;
			};
			name = Release;
		};
		BDE9F1A919A7CDF100AA8DFB /* Debug */ = {
			isa = XCBuildConfiguration;
			buildSettings = {
				ASSETCATALOG_COMPILER_APPICON_NAME = AppIcon;
				CODE_SIGN_ENTITLEMENTS = PhyWeb/PhyWeb.entitlements;
				CODE_SIGN_IDENTITY = "iPhone Developer";
				"CODE_SIGN_IDENTITY[sdk=iphoneos*]" = "iPhone Developer";
				INFOPLIST_FILE = PhyWeb/Info.plist;
				LD_RUNPATH_SEARCH_PATHS = "$(inherited) @executable_path/Frameworks";
				LIBRARY_SEARCH_PATHS = (
					"$(inherited)",
					"$(USER_LIBRARY_DIR)/Developer/Xcode/DerivedData/PhyWeb-cbgefceavrhccbcxfekuupylonps/Build/Products/Debug-iphoneos",
				);
				OTHER_LDFLAGS = "-ObjC";
				PRODUCT_NAME = "$(TARGET_NAME)";
				PROVISIONING_PROFILE = "";
			};
			name = Debug;
		};
		BDE9F1AA19A7CDF100AA8DFB /* Release */ = {
			isa = XCBuildConfiguration;
			buildSettings = {
				ASSETCATALOG_COMPILER_APPICON_NAME = AppIcon;
				CODE_SIGN_ENTITLEMENTS = PhyWeb/PhyWeb.entitlements;
				CODE_SIGN_IDENTITY = "iPhone Developer";
				"CODE_SIGN_IDENTITY[sdk=iphoneos*]" = "iPhone Developer";
				INFOPLIST_FILE = PhyWeb/Info.plist;
				LD_RUNPATH_SEARCH_PATHS = "$(inherited) @executable_path/Frameworks";
				LIBRARY_SEARCH_PATHS = (
					"$(inherited)",
					"$(USER_LIBRARY_DIR)/Developer/Xcode/DerivedData/PhyWeb-cbgefceavrhccbcxfekuupylonps/Build/Products/Debug-iphoneos",
				);
				OTHER_LDFLAGS = "-ObjC";
				PRODUCT_NAME = "$(TARGET_NAME)";
				PROVISIONING_PROFILE = "";
			};
			name = Release;
		};
/* End XCBuildConfiguration section */

/* Begin XCConfigurationList section */
		BDA3FA5019E8A18300CFAA74 /* Build configuration list for PBXLegacyTarget "archive-build" */ = {
			isa = XCConfigurationList;
			buildConfigurations = (
				BDA3FA5119E8A18300CFAA74 /* Debug */,
				BDA3FA5219E8A18300CFAA74 /* Release */,
			);
			defaultConfigurationIsVisible = 0;
			defaultConfigurationName = Release;
		};
		BDA3FA5619EC8F0700CFAA74 /* Build configuration list for PBXLegacyTarget "make-dev" */ = {
			isa = XCConfigurationList;
			buildConfigurations = (
				BDA3FA5719EC8F0700CFAA74 /* Debug */,
				BDA3FA5819EC8F0700CFAA74 /* Release */,
			);
			defaultConfigurationIsVisible = 0;
			defaultConfigurationName = Release;
		};
		BDA3FA9E19EF2DD700CFAA74 /* Build configuration list for PBXNativeTarget "today" */ = {
			isa = XCConfigurationList;
			buildConfigurations = (
				BDA3FA9719EF2DD700CFAA74 /* Debug */,
				BDA3FA9819EF2DD700CFAA74 /* Release */,
			);
			defaultConfigurationIsVisible = 0;
			defaultConfigurationName = Release;
		};
		BDE9F18319A7CDF100AA8DFB /* Build configuration list for PBXProject "PhyWeb" */ = {
			isa = XCConfigurationList;
			buildConfigurations = (
				BDE9F1A619A7CDF100AA8DFB /* Debug */,
				BDE9F1A719A7CDF100AA8DFB /* Release */,
			);
			defaultConfigurationIsVisible = 0;
			defaultConfigurationName = Release;
		};
		BDE9F1A819A7CDF100AA8DFB /* Build configuration list for PBXNativeTarget "PhyWeb" */ = {
			isa = XCConfigurationList;
			buildConfigurations = (
				BDE9F1A919A7CDF100AA8DFB /* Debug */,
				BDE9F1AA19A7CDF100AA8DFB /* Release */,
			);
			defaultConfigurationIsVisible = 0;
			defaultConfigurationName = Release;
		};
/* End XCConfigurationList section */
	};
	rootObject = BDE9F18019A7CDF100AA8DFB /* Project object */;
}
